
Microsoft Visual Studio Solution File, Format Version 12.00
# Visual Studio Version 16
VisualStudioVersion = 16.0.29806.167
MinimumVisualStudioVersion = 10.0.40219.1
Project("{FAE04EC0-301F-11D3-BF4B-00C04F79EFBC}") = "SamantaComputers", "SamantaComputers.csproj", "{42BC8E77-CB28-45A2-BC1C-36B6A86341B2}"
EndProject
Global
	GlobalSection(SolutionConfigurationPlatforms) = preSolution
		Debug|Any CPU = Debug|Any CPU
		Release|Any CPU = Release|Any CPU
	EndGlobalSection
	GlobalSection(ProjectConfigurationPlatforms) = postSolution
		{42BC8E77-CB28-45A2-BC1C-36B6A86341B2}.Debug|Any CPU.ActiveCfg = Debug|Any CPU
		{42BC8E77-CB28-45A2-BC1C-36B6A86341B2}.Debug|Any CPU.Build.0 = Debug|Any CPU
		{42BC8E77-CB28-45A2-BC1C-36B6A86341B2}.Release|Any CPU.ActiveCfg = Release|Any CPU
		{42BC8E77-CB28-45A2-BC1C-36B6A86341B2}.Release|Any CPU.Build.0 = Release|Any CPU
	EndGlobalSection
	GlobalSection(SolutionProperties) = preSolution
		HideSolutionNode = FALSE
	EndGlobalSection
	GlobalSection(ExtensibilityGlobals) = postSolution
		SolutionGuid = {89C360A6-CC1D-4AEB-8BA8-C4A3966E6E71}
	EndGlobalSection
EndGlobal
